// !$*UTF8*$!
{
	archiveVersion = 1;
	classes = {
	};
	objectVersion = 56;
	objects = {

/* Begin PBXBuildFile section */
		396ECBCE2BD8DAC50016EE18 /* AppDelegate.swift in Sources */ = {isa = PBXBuildFile; fileRef = 396ECBCD2BD8DAC50016EE18 /* AppDelegate.swift */; };
		396ECBD02BD8DAC50016EE18 /* SceneDelegate.swift in Sources */ = {isa = PBXBuildFile; fileRef = 396ECBCF2BD8DAC50016EE18 /* SceneDelegate.swift */; };
		396ECBD22BD8DAC50016EE18 /* ViewController.swift in Sources */ = {isa = PBXBuildFile; fileRef = 396ECBD12BD8DAC50016EE18 /* ViewController.swift */; };
		396ECBD52BD8DAC50016EE18 /* Main.storyboard in Resources */ = {isa = PBXBuildFile; fileRef = 396ECBD32BD8DAC50016EE18 /* Main.storyboard */; };
		396ECBD72BD8DAC60016EE18 /* Assets.xcassets in Resources */ = {isa = PBXBuildFile; fileRef = 396ECBD62BD8DAC60016EE18 /* Assets.xcassets */; };
		396ECBDA2BD8DAC60016EE18 /* LaunchScreen.storyboard in Resources */ = {isa = PBXBuildFile; fileRef = 396ECBD82BD8DAC60016EE18 /* LaunchScreen.storyboard */; };
/* End PBXBuildFile section */

/* Begin PBXFileReference section */
		396ECBCA2BD8DAC50016EE18 /* AppToCallPackage.app */ = {isa = PBXFileReference; explicitFileType = wrapper.application; includeInIndex = 0; path = AppToCallPackage.app; sourceTree = BUILT_PRODUCTS_DIR; };
		396ECBCD2BD8DAC50016EE18 /* AppDelegate.swift */ = {isa = PBXFileReference; lastKnownFileType = sourcecode.swift; path = AppDelegate.swift; sourceTree = "<group>"; };
		396ECBCF2BD8DAC50016EE18 /* SceneDelegate.swift */ = {isa = PBXFileReference; lastKnownFileType = sourcecode.swift; path = SceneDelegate.swift; sourceTree = "<group>"; };
		396ECBD12BD8DAC50016EE18 /* ViewController.swift */ = {isa = PBXFileReference; lastKnownFileType = sourcecode.swift; path = ViewController.swift; sourceTree = "<group>"; };
		396ECBD42BD8DAC50016EE18 /* Base */ = {isa = PBXFileReference; lastKnownFileType = file.storyboard; name = Base; path = Base.lproj/Main.storyboard; sourceTree = "<group>"; };
		396ECBD62BD8DAC60016EE18 /* Assets.xcassets */ = {isa = PBXFileReference; lastKnownFileType = folder.assetcatalog; path = Assets.xcassets; sourceTree = "<group>"; };
		396ECBD92BD8DAC60016EE18 /* Base */ = {isa = PBXFileReference; lastKnownFileType = file.storyboard; name = Base; path = Base.lproj/LaunchScreen.storyboard; sourceTree = "<group>"; };
		396ECBDB2BD8DAC60016EE18 /* Info.plist */ = {isa = PBXFileReference; lastKnownFileType = text.plist.xml; path = Info.plist; sourceTree = "<group>"; };
/* End PBXFileReference section */

/* Begin PBXFrameworksBuildPhase section */
		396ECBC72BD8DAC50016EE18 /* Frameworks */ = {
			isa = PBXFrameworksBuildPhase;
			buildActionMask = 2147483647;
			files = (
			);
			runOnlyForDeploymentPostprocessing = 0;
		};
/* End PBXFrameworksBuildPhase section */

/* Begin PBXGroup section */
		396ECBC12BD8DAC50016EE18 = {
			isa = PBXGroup;
			children = (
				396ECBCC2BD8DAC50016EE18 /* AppToCallPackage */,
				396ECBCB2BD8DAC50016EE18 /* Products */,
			);
			sourceTree = "<group>";
		};
		396ECBCB2BD8DAC50016EE18 /* Products */ = {
			isa = PBXGroup;
			children = (
				396ECBCA2BD8DAC50016EE18 /* AppToCallPackage.app */,
			);
			name = Products;
			sourceTree = "<group>";
		};
		396ECBCC2BD8DAC50016EE18 /* AppToCallPackage */ = {
			isa = PBXGroup;
			children = (
				396ECBE42BD8DC5E0016EE18 /* Assets */,
				396ECBE32BD8DC090016EE18 /* Controller */,
				396ECBE22BD8DBF50016EE18 /* View */,
				396ECBE12BD8DBE10016EE18 /* App Delegate */,
			);
			path = AppToCallPackage;
			sourceTree = "<group>";
		};
		396ECBE12BD8DBE10016EE18 /* App Delegate */ = {
			isa = PBXGroup;
			children = (
				396ECBCF2BD8DAC50016EE18 /* SceneDelegate.swift */,
				396ECBCD2BD8DAC50016EE18 /* AppDelegate.swift */,
			);
			path = "App Delegate";
			sourceTree = "<group>";
		};
		396ECBE22BD8DBF50016EE18 /* View */ = {
			isa = PBXGroup;
			children = (
				396ECBD32BD8DAC50016EE18 /* Main.storyboard */,
				396ECBD82BD8DAC60016EE18 /* LaunchScreen.storyboard */,
			);
			path = View;
			sourceTree = "<group>";
		};
		396ECBE32BD8DC090016EE18 /* Controller */ = {
			isa = PBXGroup;
			children = (
				396ECBD12BD8DAC50016EE18 /* ViewController.swift */,
			);
			path = Controller;
			sourceTree = "<group>";
		};
		396ECBE42BD8DC5E0016EE18 /* Assets */ = {
			isa = PBXGroup;
			children = (
				396ECBDB2BD8DAC60016EE18 /* Info.plist */,
				396ECBD62BD8DAC60016EE18 /* Assets.xcassets */,
			);
			path = Assets;
			sourceTree = "<group>";
		};
/* End PBXGroup section */

/* Begin PBXNativeTarget section */
		396ECBC92BD8DAC50016EE18 /* AppToCallPackage */ = {
			isa = PBXNativeTarget;
			buildConfigurationList = 396ECBDE2BD8DAC60016EE18 /* Build configuration list for PBXNativeTarget "AppToCallPackage" */;
			buildPhases = (
				396ECBC62BD8DAC50016EE18 /* Sources */,
				396ECBC72BD8DAC50016EE18 /* Frameworks */,
				396ECBC82BD8DAC50016EE18 /* Resources */,
			);
			buildRules = (
			);
			dependencies = (
			);
			name = AppToCallPackage;
			productName = AppToCallPackage;
			productReference = 396ECBCA2BD8DAC50016EE18 /* AppToCallPackage.app */;
			productType = "com.apple.product-type.application";
		};
/* End PBXNativeTarget section */

/* Begin PBXProject section */
		396ECBC22BD8DAC50016EE18 /* Project object */ = {
			isa = PBXProject;
			attributes = {
				BuildIndependentTargetsInParallel = 1;
				LastSwiftUpdateCheck = 1430;
				LastUpgradeCheck = 1430;
				TargetAttributes = {
					396ECBC92BD8DAC50016EE18 = {
						CreatedOnToolsVersion = 14.3.1;
					};
				};
			};
			buildConfigurationList = 396ECBC52BD8DAC50016EE18 /* Build configuration list for PBXProject "AppToCallPackage" */;
			compatibilityVersion = "Xcode 14.0";
			developmentRegion = en;
			hasScannedForEncodings = 0;
			knownRegions = (
				en,
				Base,
			);
			mainGroup = 396ECBC12BD8DAC50016EE18;
			productRefGroup = 396ECBCB2BD8DAC50016EE18 /* Products */;
			projectDirPath = "";
			projectRoot = "";
			targets = (
				396ECBC92BD8DAC50016EE18 /* AppToCallPackage */,
			);
		};
/* End PBXProject section */

/* Begin PBXResourcesBuildPhase section */
		396ECBC82BD8DAC50016EE18 /* Resources */ = {
			isa = PBXResourcesBuildPhase;
			buildActionMask = 2147483647;
			files = (
				396ECBDA2BD8DAC60016EE18 /* LaunchScreen.storyboard in Resources */,
				396ECBD72BD8DAC60016EE18 /* Assets.xcassets in Resources */,
				396ECBD52BD8DAC50016EE18 /* Main.storyboard in Resources */,
			);
			runOnlyForDeploymentPostprocessing = 0;
		};
/* End PBXResourcesBuildPhase section */

/* Begin PBXSourcesBuildPhase section */
		396ECBC62BD8DAC50016EE18 /* Sources */ = {
			isa = PBXSourcesBuildPhase;
			buildActionMask = 2147483647;
			files = (
				396ECBD22BD8DAC50016EE18 /* ViewController.swift in Sources */,
				396ECBCE2BD8DAC50016EE18 /* AppDelegate.swift in Sources */,
				396ECBD02BD8DAC50016EE18 /* SceneDelegate.swift in Sources */,
			);
			runOnlyForDeploymentPostprocessing = 0;
		};
/* End PBXSourcesBuildPhase section */

/* Begin PBXVariantGroup section */
		396ECBD32BD8DAC50016EE18 /* Main.storyboard */ = {
			isa = PBXVariantGroup;
			children = (
				396ECBD42BD8DAC50016EE18 /* Base */,
			);
			name = Main.storyboard;
			sourceTree = "<group>";
		};
		396ECBD82BD8DAC60016EE18 /* LaunchScreen.storyboard */ = {
			isa = PBXVariantGroup;
			children = (
				396ECBD92BD8DAC60016EE18 /* Base */,
			);
			name = LaunchScreen.storyboard;
			sourceTree = "<group>";
		};
/* End PBXVariantGroup section */

/* Begin XCBuildConfiguration section */
		396ECBDC2BD8DAC60016EE18 /* Debug */ = {
			isa = XCBuildConfiguration;
			buildSettings = {
				ALWAYS_SEARCH_USER_PATHS = NO;
				CLANG_ANALYZER_NONNULL = YES;
				CLANG_ANALYZER_NUMBER_OBJECT_CONVERSION = YES_AGGRESSIVE;
				CLANG_CXX_LANGUAGE_STANDARD = "gnu++20";
				CLANG_ENABLE_MODULES = YES;
				CLANG_ENABLE_OBJC_ARC = YES;
				CLANG_ENABLE_OBJC_WEAK = YES;
				CLANG_WARN_BLOCK_CAPTURE_AUTORELEASING = YES;
				CLANG_WARN_BOOL_CONVERSION = YES;
				CLANG_WARN_COMMA = YES;
				CLANG_WARN_CONSTANT_CONVERSION = YES;
				CLANG_WARN_DEPRECATED_OBJC_IMPLEMENTATIONS = YES;
				CLANG_WARN_DIRECT_OBJC_ISA_USAGE = YES_ERROR;
				CLANG_WARN_DOCUMENTATION_COMMENTS = YES;
				CLANG_WARN_EMPTY_BODY = YES;
				CLANG_WARN_ENUM_CONVERSION = YES;
				CLANG_WARN_INFINITE_RECURSION = YES;
				CLANG_WARN_INT_CONVERSION = YES;
				CLANG_WARN_NON_LITERAL_NULL_CONVERSION = YES;
				CLANG_WARN_OBJC_IMPLICIT_RETAIN_SELF = YES;
				CLANG_WARN_OBJC_LITERAL_CONVERSION = YES;
				CLANG_WARN_OBJC_ROOT_CLASS = YES_ERROR;
				CLANG_WARN_QUOTED_INCLUDE_IN_FRAMEWORK_HEADER = YES;
				CLANG_WARN_RANGE_LOOP_ANALYSIS = YES;
				CLANG_WARN_STRICT_PROTOTYPES = YES;
				CLANG_WARN_SUSPICIOUS_MOVE = YES;
				CLANG_WARN_UNGUARDED_AVAILABILITY = YES_AGGRESSIVE;
				CLANG_WARN_UNREACHABLE_CODE = YES;
				CLANG_WARN__DUPLICATE_METHOD_MATCH = YES;
				COPY_PHASE_STRIP = NO;
				DEBUG_INFORMATION_FORMAT = dwarf;
				ENABLE_STRICT_OBJC_MSGSEND = YES;
				ENABLE_TESTABILITY = YES;
				GCC_C_LANGUAGE_STANDARD = gnu11;
				GCC_DYNAMIC_NO_PIC = NO;
				GCC_NO_COMMON_BLOCKS = YES;
				GCC_OPTIMIZATION_LEVEL = 0;
				GCC_PREPROCESSOR_DEFINITIONS = (
					"DEBUG=1",
					"$(inherited)",
				);
				GCC_WARN_64_TO_32_BIT_CONVERSION = YES;
				GCC_WARN_ABOUT_RETURN_TYPE = YES_ERROR;
				GCC_WARN_UNDECLARED_SELECTOR = YES;
				GCC_WARN_UNINITIALIZED_AUTOS = YES_AGGRESSIVE;
				GCC_WARN_UNUSED_FUNCTION = YES;
				GCC_WARN_UNUSED_VARIABLE = YES;
				IPHONEOS_DEPLOYMENT_TARGET = 16.4;
				MTL_ENABLE_DEBUG_INFO = INCLUDE_SOURCE;
				MTL_FAST_MATH = YES;
				ONLY_ACTIVE_ARCH = YES;
				SDKROOT = iphoneos;
				SWIFT_ACTIVE_COMPILATION_CONDITIONS = DEBUG;
				SWIFT_OPTIMIZATION_LEVEL = "-Onone";
			};
			name = Debug;
		};
		396ECBDD2BD8DAC60016EE18 /* Release */ = {
			isa = XCBuildConfiguration;
			buildSettings = {
				ALWAYS_SEARCH_USER_PATHS = NO;
				CLANG_ANALYZER_NONNULL = YES;
				CLANG_ANALYZER_NUMBER_OBJECT_CONVERSION = YES_AGGRESSIVE;
				CLANG_CXX_LANGUAGE_STANDARD = "gnu++20";
				CLANG_ENABLE_MODULES = YES;
				CLANG_ENABLE_OBJC_ARC = YES;
				CLANG_ENABLE_OBJC_WEAK = YES;
				CLANG_WARN_BLOCK_CAPTURE_AUTORELEASING = YES;
				CLANG_WARN_BOOL_CONVERSION = YES;
				CLANG_WARN_COMMA = YES;
				CLANG_WARN_CONSTANT_CONVERSION = YES;
				CLANG_WARN_DEPRECATED_OBJC_IMPLEMENTATIONS = YES;
				CLANG_WARN_DIRECT_OBJC_ISA_USAGE = YES_ERROR;
				CLANG_WARN_DOCUMENTATION_COMMENTS = YES;
				CLANG_WARN_EMPTY_BODY = YES;
				CLANG_WARN_ENUM_CONVERSION = YES;
				CLANG_WARN_INFINITE_RECURSION = YES;
				CLANG_WARN_INT_CONVERSION = YES;
				CLANG_WARN_NON_LITERAL_NULL_CONVERSION = YES;
				CLANG_WARN_OBJC_IMPLICIT_RETAIN_SELF = YES;
				CLANG_WARN_OBJC_LITERAL_CONVERSION = YES;
				CLANG_WARN_OBJC_ROOT_CLASS = YES_ERROR;
				CLANG_WARN_QUOTED_INCLUDE_IN_FRAMEWORK_HEADER = YES;
				CLANG_WARN_RANGE_LOOP_ANALYSIS = YES;
				CLANG_WARN_STRICT_PROTOTYPES = YES;
				CLANG_WARN_SUSPICIOUS_MOVE = YES;
				CLANG_WARN_UNGUARDED_AVAILABILITY = YES_AGGRESSIVE;
				CLANG_WARN_UNREACHABLE_CODE = YES;
				CLANG_WARN__DUPLICATE_METHOD_MATCH = YES;
				COPY_PHASE_STRIP = NO;
				DEBUG_INFORMATION_FORMAT = "dwarf-with-dsym";
				ENABLE_NS_ASSERTIONS = NO;
				ENABLE_STRICT_OBJC_MSGSEND = YES;
				GCC_C_LANGUAGE_STANDARD = gnu11;
				GCC_NO_COMMON_BLOCKS = YES;
				GCC_WARN_64_TO_32_BIT_CONVERSION = YES;
				GCC_WARN_ABOUT_RETURN_TYPE = YES_ERROR;
				GCC_WARN_UNDECLARED_SELECTOR = YES;
				GCC_WARN_UNINITIALIZED_AUTOS = YES_AGGRESSIVE;
				GCC_WARN_UNUSED_FUNCTION = YES;
				GCC_WARN_UNUSED_VARIABLE = YES;
				IPHONEOS_DEPLOYMENT_TARGET = 16.4;
				MTL_ENABLE_DEBUG_INFO = NO;
				MTL_FAST_MATH = YES;
				SDKROOT = iphoneos;
				SWIFT_COMPILATION_MODE = wholemodule;
				SWIFT_OPTIMIZATION_LEVEL = "-O";
				VALIDATE_PRODUCT = YES;
			};
			name = Release;
		};
		396ECBDF2BD8DAC60016EE18 /* Debug */ = {
			isa = XCBuildConfiguration;
			buildSettings = {
				ASSETCATALOG_COMPILER_APPICON_NAME = AppIcon;
				ASSETCATALOG_COMPILER_GLOBAL_ACCENT_COLOR_NAME = AccentColor;
				CODE_SIGN_STYLE = Automatic;
				CURRENT_PROJECT_VERSION = 1;
				GENERATE_INFOPLIST_FILE = YES;
				INFOPLIST_FILE = AppToCallPackage/Info.plist;
				INFOPLIST_KEY_UIApplicationSupportsIndirectInputEvents = YES;
				INFOPLIST_KEY_UILaunchStoryboardName = LaunchScreen;
				INFOPLIST_KEY_UIMainStoryboardFile = Main;
				INFOPLIST_KEY_UISupportedInterfaceOrientations = UIInterfaceOrientationPortrait;
				LD_RUNPATH_SEARCH_PATHS = (
					"$(inherited)",
					"@executable_path/Frameworks",
				);
				MARKETING_VERSION = 1.0;
				PRODUCT_BUNDLE_IDENTIFIER = com.onkarmishra.AppToCallPackage;
				PRODUCT_NAME = "$(TARGET_NAME)";
				SUPPORTED_PLATFORMS = "iphoneos iphonesimulator";
				SUPPORTS_MACCATALYST = NO;
				SUPPORTS_MAC_DESIGNED_FOR_IPHONE_IPAD = NO;
				SWIFT_EMIT_LOC_STRINGS = YES;
				SWIFT_VERSION = 5.0;
				TARGETED_DEVICE_FAMILY = 1;
			};
			name = Debug;
		};
		396ECBE02BD8DAC60016EE18 /* Release */ = {
			isa = XCBuildConfiguration;
			buildSettings = {
				ASSETCATALOG_COMPILER_APPICON_NAME = AppIcon;
				ASSETCATALOG_COMPILER_GLOBAL_ACCENT_COLOR_NAME = AccentColor;
				CODE_SIGN_STYLE = Automatic;
				CURRENT_PROJECT_VERSION = 1;
				GENERATE_INFOPLIST_FILE = YES;
				INFOPLIST_FILE = AppToCallPackage/Info.plist;
				INFOPLIST_KEY_UIApplicationSupportsIndirectInputEvents = YES;
				INFOPLIST_KEY_UILaunchStoryboardName = LaunchScreen;
				INFOPLIST_KEY_UIMainStoryboardFile = Main;
				INFOPLIST_KEY_UISupportedInterfaceOrientations = UIInterfaceOrientationPortrait;
				LD_RUNPATH_SEARCH_PATHS = (
					"$(inherited)",
					"@executable_path/Frameworks",
				);
				MARKETING_VERSION = 1.0;
				PRODUCT_BUNDLE_IDENTIFIER = com.onkarmishra.AppToCallPackage;
				PRODUCT_NAME = "$(TARGET_NAME)";
				SUPPORTED_PLATFORMS = "iphoneos iphonesimulator";
				SUPPORTS_MACCATALYST = NO;
				SUPPORTS_MAC_DESIGNED_FOR_IPHONE_IPAD = NO;
				SWIFT_EMIT_LOC_STRINGS = YES;
				SWIFT_VERSION = 5.0;
				TARGETED_DEVICE_FAMILY = 1;
			};
			name = Release;
		};
/* End XCBuildConfiguration section */

/* Begin XCConfigurationList section */
		396ECBC52BD8DAC50016EE18 /* Build configuration list for PBXProject "AppToCallPackage" */ = {
			isa = XCConfigurationList;
			buildConfigurations = (
				396ECBDC2BD8DAC60016EE18 /* Debug */,
				396ECBDD2BD8DAC60016EE18 /* Release */,
			);
			defaultConfigurationIsVisible = 0;
			defaultConfigurationName = Release;
		};
		396ECBDE2BD8DAC60016EE18 /* Build configuration list for PBXNativeTarget "AppToCallPackage" */ = {
			isa = XCConfigurationList;
			buildConfigurations = (
				396ECBDF2BD8DAC60016EE18 /* Debug */,
				396ECBE02BD8DAC60016EE18 /* Release */,
			);
			defaultConfigurationIsVisible = 0;
			defaultConfigurationName = Release;
		};
/* End XCConfigurationList section */
	};
	rootObject = 396ECBC22BD8DAC50016EE18 /* Project object */;
}
